
Microsoft Visual Studio Solution File, Format Version 12.00
# Visual Studio 15
VisualStudioVersion = 15.0.28010.2036
MinimumVisualStudioVersion = 10.0.40219.1
Project("{FAE04EC0-301F-11D3-BF4B-00C04F79EFBC}") = "WpfNote", "WpfNote\WpfNote.csproj", "{7D7A3747-FDDF-401B-B367-51DC0690905D}"
EndProject
Global
	GlobalSection(SolutionConfigurationPlatforms) = preSolution
		Debug|Any CPU = Debug|Any CPU
		Release|Any CPU = Release|Any CPU
	EndGlobalSection
	GlobalSection(ProjectConfigurationPlatforms) = postSolution
		{7D7A3747-FDDF-401B-B367-51DC0690905D}.Debug|Any CPU.ActiveCfg = Debug|Any CPU
		{7D7A3747-FDDF-401B-B367-51DC0690905D}.Debug|Any CPU.Build.0 = Debug|Any CPU
		{7D7A3747-FDDF-401B-B367-51DC0690905D}.Release|Any CPU.ActiveCfg = Release|Any CPU
		{7D7A3747-FDDF-401B-B367-51DC0690905D}.Release|Any CPU.Build.0 = Release|Any CPU
	EndGlobalSection
	GlobalSection(SolutionProperties) = preSolution
		HideSolutionNode = FALSE
	EndGlobalSection
	GlobalSection(ExtensibilityGlobals) = postSolution
		SolutionGuid = {BAF1B9EF-163F-4E2B-A521-2915AA62E839}
	EndGlobalSection
EndGlobal
